
Microsoft Visual Studio Solution File, Format Version 12.00
# Visual Studio 15
VisualStudioVersion = 15.0.27130.2036
MinimumVisualStudioVersion = 10.0.40219.1
Project("{8BC9CEB8-8B4A-11D0-8D11-00A0C91BC942}") = "OpenGL", "OpenGL\OpenGL.vcxproj", "{93280224-0ADC-49E1-A801-4158D3459FE0}"
EndProject
Project("{8BC9CEB8-8B4A-11D0-8D11-00A0C91BC942}") = "OpenGL2", "OpenGL2\OpenGL2.vcxproj", "{EFF9DA74-43D8-4708-82E6-A97643401AE9}"
EndProject
Project("{8BC9CEB8-8B4A-11D0-8D11-00A0C91BC942}") = "OpenGL3", "OpenGL3\OpenGL3.vcxproj", "{6087D0CA-D33D-48E6-86B3-987EFCC11471}"
EndProject
Project("{8BC9CEB8-8B4A-11D0-8D11-00A0C91BC942}") = "OpenGL32", "OpenGL32\OpenGL32.vcxproj", "{B30A40D1-634A-43D0-972F-11F602405AA0}"
EndProject
Global
	GlobalSection(SolutionConfigurationPlatforms) = preSolution
		Debug|x64 = Debug|x64
		Debug|x86 = Debug|x86
		Release|x64 = Release|x64
		Release|x86 = Release|x86
	EndGlobalSection
	GlobalSection(ProjectConfigurationPlatforms) = postSolution
		{93280224-0ADC-49E1-A801-4158D3459FE0}.Debug|x64.ActiveCfg = Debug|x64
		{93280224-0ADC-49E1-A801-4158D3459FE0}.Debug|x64.Build.0 = Debug|x64
		{93280224-0ADC-49E1-A801-4158D3459FE0}.Debug|x86.ActiveCfg = Debug|Win32
		{93280224-0ADC-49E1-A801-4158D3459FE0}.Debug|x86.Build.0 = Debug|Win32
		{93280224-0ADC-49E1-A801-4158D3459FE0}.Release|x64.ActiveCfg = Release|x64
		{93280224-0ADC-49E1-A801-4158D3459FE0}.Release|x64.Build.0 = Release|x64
		{93280224-0ADC-49E1-A801-4158D3459FE0}.Release|x86.ActiveCfg = Release|Win32
		{93280224-0ADC-49E1-A801-4158D3459FE0}.Release|x86.Build.0 = Release|Win32
		{EFF9DA74-43D8-4708-82E6-A97643401AE9}.Debug|x64.ActiveCfg = Debug|x64
		{EFF9DA74-43D8-4708-82E6-A97643401AE9}.Debug|x64.Build.0 = Debug|x64
		{EFF9DA74-43D8-4708-82E6-A97643401AE9}.Debug|x86.ActiveCfg = Debug|Win32
		{EFF9DA74-43D8-4708-82E6-A97643401AE9}.Debug|x86.Build.0 = Debug|Win32
		{EFF9DA74-43D8-4708-82E6-A97643401AE9}.Release|x64.ActiveCfg = Release|x64
		{EFF9DA74-43D8-4708-82E6-A97643401AE9}.Release|x64.Build.0 = Release|x64
		{EFF9DA74-43D8-4708-82E6-A97643401AE9}.Release|x86.ActiveCfg = Release|Win32
		{EFF9DA74-43D8-4708-82E6-A97643401AE9}.Release|x86.Build.0 = Release|Win32
		{6087D0CA-D33D-48E6-86B3-987EFCC11471}.Debug|x64.ActiveCfg = Debug|x64
		{6087D0CA-D33D-48E6-86B3-987EFCC11471}.Debug|x64.Build.0 = Debug|x64
		{6087D0CA-D33D-48E6-86B3-987EFCC11471}.Debug|x86.ActiveCfg = Debug|Win32
		{6087D0CA-D33D-48E6-86B3-987EFCC11471}.Debug|x86.Build.0 = Debug|Win32
		{6087D0CA-D33D-48E6-86B3-987EFCC11471}.Release|x64.ActiveCfg = Release|x64
		{6087D0CA-D33D-48E6-86B3-987EFCC11471}.Release|x64.Build.0 = Release|x64
		{6087D0CA-D33D-48E6-86B3-987EFCC11471}.Release|x86.ActiveCfg = Release|Win32
		{6087D0CA-D33D-48E6-86B3-987EFCC11471}.Release|x86.Build.0 = Release|Win32
		{B30A40D1-634A-43D0-972F-11F602405AA0}.Debug|x64.ActiveCfg = Debug|x64
		{B30A40D1-634A-43D0-972F-11F602405AA0}.Debug|x64.Build.0 = Debug|x64
		{B30A40D1-634A-43D0-972F-11F602405AA0}.Debug|x86.ActiveCfg = Debug|Win32
		{B30A40D1-634A-43D0-972F-11F602405AA0}.Debug|x86.Build.0 = Debug|Win32
		{B30A40D1-634A-43D0-972F-11F602405AA0}.Release|x64.ActiveCfg = Release|x64
		{B30A40D1-634A-43D0-972F-11F602405AA0}.Release|x64.Build.0 = Release|x64
		{B30A40D1-634A-43D0-972F-11F602405AA0}.Release|x86.ActiveCfg = Release|Win32
		{B30A40D1-634A-43D0-972F-11F602405AA0}.Release|x86.Build.0 = Release|Win32
	EndGlobalSection
	GlobalSection(SolutionProperties) = preSolution
		HideSolutionNode = FALSE
	EndGlobalSection
	GlobalSection(ExtensibilityGlobals) = postSolution
		SolutionGuid = {4DAA4684-3377-45DD-80A8-D85BE87DB267}
	EndGlobalSection
EndGlobal
